
Microsoft Visual Studio Solution File, Format Version 12.00
Project("{FAE04EC0-301F-11D3-BF4B-00C04F79EFBC}") = "PactEf", "PactEf\PactEf.csproj", "{246D1A7F-5592-4EDD-BD41-5FCC96B125C6}"
EndProject
Project("{2150E333-8FDC-42A3-9474-1A3956D46DE8}") = "src", "src", "{827E0CD3-B72D-47B6-A68D-7590B98EB39B}"
EndProject
Project("{FAE04EC0-301F-11D3-BF4B-00C04F79EFBC}") = "PactEf.Core", "src\PactEf.Core\PactEf.Core.csproj", "{8EFC644F-802F-444B-9B8D-388A12546206}"
EndProject
Project("{FAE04EC0-301F-11D3-BF4B-00C04F79EFBC}") = "PactEf.Core.Tests", "src\PactEf.Core.Tests\PactEf.Core.Tests.csproj", "{76169FB4-215B-4D28-986C-213C7C47080D}"
EndProject
Project("{FAE04EC0-301F-11D3-BF4B-00C04F79EFBC}") = "PactEf.Capture", "src\PactEf.Capture\PactEf.Capture.csproj", "{93173D7D-4A61-4853-BEDE-8673158199AE}"
EndProject
Project("{FAE04EC0-301F-11D3-BF4B-00C04F79EFBC}") = "PactEf.Capture.Tests", "src\PactEf.Capture.Tests\PactEf.Capture.Tests.csproj", "{8A4F769A-8159-44CB-99F7-318831D808F3}"
EndProject
Project("{FAE04EC0-301F-11D3-BF4B-00C04F79EFBC}") = "PactEf.Verify", "src\PactEf.Verify\PactEf.Verify.csproj", "{D10DCF42-D8F7-4466-830B-FB30E325B250}"
EndProject
Project("{FAE04EC0-301F-11D3-BF4B-00C04F79EFBC}") = "PactEf.Verify.Tests", "src\PactEf.Verify.Tests\PactEf.Verify.Tests.csproj", "{572150D9-3253-4F90-A47B-45F846DCD2E1}"
EndProject
Global
	GlobalSection(SolutionConfigurationPlatforms) = preSolution
		Debug|Any CPU = Debug|Any CPU
		Debug|x64 = Debug|x64
		Debug|x86 = Debug|x86
		Release|Any CPU = Release|Any CPU
		Release|x64 = Release|x64
		Release|x86 = Release|x86
	EndGlobalSection
	GlobalSection(ProjectConfigurationPlatforms) = postSolution
		{246D1A7F-5592-4EDD-BD41-5FCC96B125C6}.Debug|Any CPU.ActiveCfg = Debug|Any CPU
		{246D1A7F-5592-4EDD-BD41-5FCC96B125C6}.Debug|Any CPU.Build.0 = Debug|Any CPU
		{246D1A7F-5592-4EDD-BD41-5FCC96B125C6}.Debug|x64.ActiveCfg = Debug|Any CPU
		{246D1A7F-5592-4EDD-BD41-5FCC96B125C6}.Debug|x64.Build.0 = Debug|Any CPU
		{246D1A7F-5592-4EDD-BD41-5FCC96B125C6}.Debug|x86.ActiveCfg = Debug|Any CPU
		{246D1A7F-5592-4EDD-BD41-5FCC96B125C6}.Debug|x86.Build.0 = Debug|Any CPU
		{246D1A7F-5592-4EDD-BD41-5FCC96B125C6}.Release|Any CPU.ActiveCfg = Release|Any CPU
		{246D1A7F-5592-4EDD-BD41-5FCC96B125C6}.Release|Any CPU.Build.0 = Release|Any CPU
		{246D1A7F-5592-4EDD-BD41-5FCC96B125C6}.Release|x64.ActiveCfg = Release|Any CPU
		{246D1A7F-5592-4EDD-BD41-5FCC96B125C6}.Release|x64.Build.0 = Release|Any CPU
		{246D1A7F-5592-4EDD-BD41-5FCC96B125C6}.Release|x86.ActiveCfg = Release|Any CPU
		{246D1A7F-5592-4EDD-BD41-5FCC96B125C6}.Release|x86.Build.0 = Release|Any CPU
		{8EFC644F-802F-444B-9B8D-388A12546206}.Debug|Any CPU.ActiveCfg = Debug|Any CPU
		{8EFC644F-802F-444B-9B8D-388A12546206}.Debug|Any CPU.Build.0 = Debug|Any CPU
		{8EFC644F-802F-444B-9B8D-388A12546206}.Debug|x64.ActiveCfg = Debug|Any CPU
		{8EFC644F-802F-444B-9B8D-388A12546206}.Debug|x64.Build.0 = Debug|Any CPU
		{8EFC644F-802F-444B-9B8D-388A12546206}.Debug|x86.ActiveCfg = Debug|Any CPU
		{8EFC644F-802F-444B-9B8D-388A12546206}.Debug|x86.Build.0 = Debug|Any CPU
		{8EFC644F-802F-444B-9B8D-388A12546206}.Release|Any CPU.ActiveCfg = Release|Any CPU
		{8EFC644F-802F-444B-9B8D-388A12546206}.Release|Any CPU.Build.0 = Release|Any CPU
		{8EFC644F-802F-444B-9B8D-388A12546206}.Release|x64.ActiveCfg = Release|Any CPU
		{8EFC644F-802F-444B-9B8D-388A12546206}.Release|x64.Build.0 = Release|Any CPU
		{8EFC644F-802F-444B-9B8D-388A12546206}.Release|x86.ActiveCfg = Release|Any CPU
		{8EFC644F-802F-444B-9B8D-388A12546206}.Release|x86.Build.0 = Release|Any CPU
		{76169FB4-215B-4D28-986C-213C7C47080D}.Debug|Any CPU.ActiveCfg = Debug|Any CPU
		{76169FB4-215B-4D28-986C-213C7C47080D}.Debug|Any CPU.Build.0 = Debug|Any CPU
		{76169FB4-215B-4D28-986C-213C7C47080D}.Debug|x64.ActiveCfg = Debug|Any CPU
		{76169FB4-215B-4D28-986C-213C7C47080D}.Debug|x64.Build.0 = Debug|Any CPU
		{76169FB4-215B-4D28-986C-213C7C47080D}.Debug|x86.ActiveCfg = Debug|Any CPU
		{76169FB4-215B-4D28-986C-213C7C47080D}.Debug|x86.Build.0 = Debug|Any CPU
		{76169FB4-215B-4D28-986C-213C7C47080D}.Release|Any CPU.ActiveCfg = Release|Any CPU
		{76169FB4-215B-4D28-986C-213C7C47080D}.Release|Any CPU.Build.0 = Release|Any CPU
		{76169FB4-215B-4D28-986C-213C7C47080D}.Release|x64.ActiveCfg = Release|Any CPU
		{76169FB4-215B-4D28-986C-213C7C47080D}.Release|x64.Build.0 = Release|Any CPU
		{76169FB4-215B-4D28-986C-213C7C47080D}.Release|x86.ActiveCfg = Release|Any CPU
		{76169FB4-215B-4D28-986C-213C7C47080D}.Release|x86.Build.0 = Release|Any CPU
		{93173D7D-4A61-4853-BEDE-8673158199AE}.Debug|Any CPU.ActiveCfg = Debug|Any CPU
		{93173D7D-4A61-4853-BEDE-8673158199AE}.Debug|Any CPU.Build.0 = Debug|Any CPU
		{93173D7D-4A61-4853-BEDE-8673158199AE}.Debug|x64.ActiveCfg = Debug|Any CPU
		{93173D7D-4A61-4853-BEDE-8673158199AE}.Debug|x64.Build.0 = Debug|Any CPU
		{93173D7D-4A61-4853-BEDE-8673158199AE}.Debug|x86.ActiveCfg = Debug|Any CPU
		{93173D7D-4A61-4853-BEDE-8673158199AE}.Debug|x86.Build.0 = Debug|Any CPU
		{93173D7D-4A61-4853-BEDE-8673158199AE}.Release|Any CPU.ActiveCfg = Release|Any CPU
		{93173D7D-4A61-4853-BEDE-8673158199AE}.Release|Any CPU.Build.0 = Release|Any CPU
		{93173D7D-4A61-4853-BEDE-8673158199AE}.Release|x64.ActiveCfg = Release|Any CPU
		{93173D7D-4A61-4853-BEDE-8673158199AE}.Release|x64.Build.0 = Release|Any CPU
		{93173D7D-4A61-4853-BEDE-8673158199AE}.Release|x86.ActiveCfg = Release|Any CPU
		{93173D7D-4A61-4853-BEDE-8673158199AE}.Release|x86.Build.0 = Release|Any CPU
		{8A4F769A-8159-44CB-99F7-318831D808F3}.Debug|Any CPU.ActiveCfg = Debug|Any CPU
		{8A4F769A-8159-44CB-99F7-318831D808F3}.Debug|Any CPU.Build.0 = Debug|Any CPU
		{8A4F769A-8159-44CB-99F7-318831D808F3}.Debug|x64.ActiveCfg = Debug|Any CPU
		{8A4F769A-8159-44CB-99F7-318831D808F3}.Debug|x64.Build.0 = Debug|Any CPU
		{8A4F769A-8159-44CB-99F7-318831D808F3}.Debug|x86.ActiveCfg = Debug|Any CPU
		{8A4F769A-8159-44CB-99F7-318831D808F3}.Debug|x86.Build.0 = Debug|Any CPU
		{8A4F769A-8159-44CB-99F7-318831D808F3}.Release|Any CPU.ActiveCfg = Release|Any CPU
		{8A4F769A-8159-44CB-99F7-318831D808F3}.Release|Any CPU.Build.0 = Release|Any CPU
		{8A4F769A-8159-44CB-99F7-318831D808F3}.Release|x64.ActiveCfg = Release|Any CPU
		{8A4F769A-8159-44CB-99F7-318831D808F3}.Release|x64.Build.0 = Release|Any CPU
		{8A4F769A-8159-44CB-99F7-318831D808F3}.Release|x86.ActiveCfg = Release|Any CPU
		{8A4F769A-8159-44CB-99F7-318831D808F3}.Release|x86.Build.0 = Release|Any CPU
		{D10DCF42-D8F7-4466-830B-FB30E325B250}.Debug|Any CPU.ActiveCfg = Debug|Any CPU
		{D10DCF42-D8F7-4466-830B-FB30E325B250}.Debug|Any CPU.Build.0 = Debug|Any CPU
		{D10DCF42-D8F7-4466-830B-FB30E325B250}.Debug|x64.ActiveCfg = Debug|Any CPU
		{D10DCF42-D8F7-4466-830B-FB30E325B250}.Debug|x64.Build.0 = Debug|Any CPU
		{D10DCF42-D8F7-4466-830B-FB30E325B250}.Debug|x86.ActiveCfg = Debug|Any CPU
		{D10DCF42-D8F7-4466-830B-FB30E325B250}.Debug|x86.Build.0 = Debug|Any CPU
		{D10DCF42-D8F7-4466-830B-FB30E325B250}.Release|Any CPU.ActiveCfg = Release|Any CPU
		{D10DCF42-D8F7-4466-830B-FB30E325B250}.Release|Any CPU.Build.0 = Release|Any CPU
		{D10DCF42-D8F7-4466-830B-FB30E325B250}.Release|x64.ActiveCfg = Release|Any CPU
		{D10DCF42-D8F7-4466-830B-FB30E325B250}.Release|x64.Build.0 = Release|Any CPU
		{D10DCF42-D8F7-4466-830B-FB30E325B250}.Release|x86.ActiveCfg = Release|Any CPU
		{D10DCF42-D8F7-4466-830B-FB30E325B250}.Release|x86.Build.0 = Release|Any CPU
		{572150D9-3253-4F90-A47B-45F846DCD2E1}.Debug|Any CPU.ActiveCfg = Debug|Any CPU
		{572150D9-3253-4F90-A47B-45F846DCD2E1}.Debug|Any CPU.Build.0 = Debug|Any CPU
		{572150D9-3253-4F90-A47B-45F846DCD2E1}.Debug|x64.ActiveCfg = Debug|Any CPU
		{572150D9-3253-4F90-A47B-45F846DCD2E1}.Debug|x64.Build.0 = Debug|Any CPU
		{572150D9-3253-4F90-A47B-45F846DCD2E1}.Debug|x86.ActiveCfg = Debug|Any CPU
		{572150D9-3253-4F90-A47B-45F846DCD2E1}.Debug|x86.Build.0 = Debug|Any CPU
		{572150D9-3253-4F90-A47B-45F846DCD2E1}.Release|Any CPU.ActiveCfg = Release|Any CPU
		{572150D9-3253-4F90-A47B-45F846DCD2E1}.Release|Any CPU.Build.0 = Release|Any CPU
		{572150D9-3253-4F90-A47B-45F846DCD2E1}.Release|x64.ActiveCfg = Release|Any CPU
		{572150D9-3253-4F90-A47B-45F846DCD2E1}.Release|x64.Build.0 = Release|Any CPU
		{572150D9-3253-4F90-A47B-45F846DCD2E1}.Release|x86.ActiveCfg = Release|Any CPU
		{572150D9-3253-4F90-A47B-45F846DCD2E1}.Release|x86.Build.0 = Release|Any CPU
	EndGlobalSection
	GlobalSection(SolutionProperties) = preSolution
		HideSolutionNode = FALSE
	EndGlobalSection
	GlobalSection(NestedProjects) = preSolution
		{8EFC644F-802F-444B-9B8D-388A12546206} = {827E0CD3-B72D-47B6-A68D-7590B98EB39B}
		{76169FB4-215B-4D28-986C-213C7C47080D} = {827E0CD3-B72D-47B6-A68D-7590B98EB39B}
		{93173D7D-4A61-4853-BEDE-8673158199AE} = {827E0CD3-B72D-47B6-A68D-7590B98EB39B}
		{8A4F769A-8159-44CB-99F7-318831D808F3} = {827E0CD3-B72D-47B6-A68D-7590B98EB39B}
		{D10DCF42-D8F7-4466-830B-FB30E325B250} = {827E0CD3-B72D-47B6-A68D-7590B98EB39B}
		{572150D9-3253-4F90-A47B-45F846DCD2E1} = {827E0CD3-B72D-47B6-A68D-7590B98EB39B}
	EndGlobalSection
EndGlobal
